// !$*UTF8*$!
{
	archiveVersion = 1;
	classes = {
	};
	objectVersion = 56;
	objects = {

/* Begin PBXBuildFile section */
		0A80B5FC2B0E36BA00263BF9 /* UIComponents.h in Headers */ = {isa = PBXBuildFile; fileRef = 0A80B5FB2B0E36BA00263BF9 /* UIComponents.h */; settings = {ATTRIBUTES = (Public, ); }; };
		0AC2105C2B0FB94E0023665B /* BaseViewController.swift in Sources */ = {isa = PBXBuildFile; fileRef = 0AC210582B0FB94E0023665B /* BaseViewController.swift */; };
		0AC2105D2B0FB94E0023665B /* InfoView.swift in Sources */ = {isa = PBXBuildFile; fileRef = 0AC2105A2B0FB94E0023665B /* InfoView.swift */; };
		0AC2105E2B0FB94E0023665B /* BaseView.swift in Sources */ = {isa = PBXBuildFile; fileRef = 0AC2105B2B0FB94E0023665B /* BaseView.swift */; };
		0AC210632B0FB9570023665B /* R.generated.swift in Sources */ = {isa = PBXBuildFile; fileRef = 0AC210612B0FB9570023665B /* R.generated.swift */; };
		0AC210642B0FB9570023665B /* Assets.xcassets in Resources */ = {isa = PBXBuildFile; fileRef = 0AC210622B0FB9570023665B /* Assets.xcassets */; };
		0AC2106F2B0FBA1F0023665B /* Rubik-Bold.ttf in Resources */ = {isa = PBXBuildFile; fileRef = 0AC210692B0FBA0B0023665B /* Rubik-Bold.ttf */; };
		0AC210702B0FBA1F0023665B /* Rubik-Light.ttf in Resources */ = {isa = PBXBuildFile; fileRef = 0AC2106A2B0FBA0B0023665B /* Rubik-Light.ttf */; };
		0AC210712B0FBA1F0023665B /* Rubik-Medium.ttf in Resources */ = {isa = PBXBuildFile; fileRef = 0AC2106B2B0FBA0B0023665B /* Rubik-Medium.ttf */; };
		0AC210722B0FBA1F0023665B /* Rubik-Black.ttf in Resources */ = {isa = PBXBuildFile; fileRef = 0AC2106C2B0FBA0B0023665B /* Rubik-Black.ttf */; };
		0AC210732B0FBA1F0023665B /* Rubik-Italic.ttf in Resources */ = {isa = PBXBuildFile; fileRef = 0AC2106D2B0FBA0B0023665B /* Rubik-Italic.ttf */; };
		0AC210742B0FBA1F0023665B /* Rubik-Regular.ttf in Resources */ = {isa = PBXBuildFile; fileRef = 0AC2106E2B0FBA0B0023665B /* Rubik-Regular.ttf */; };
/* End PBXBuildFile section */

/* Begin PBXFileReference section */
		0A80B5F82B0E36BA00263BF9 /* UIComponents.framework */ = {isa = PBXFileReference; explicitFileType = wrapper.framework; includeInIndex = 0; path = UIComponents.framework; sourceTree = BUILT_PRODUCTS_DIR; };
		0A80B5FB2B0E36BA00263BF9 /* UIComponents.h */ = {isa = PBXFileReference; lastKnownFileType = sourcecode.c.h; path = UIComponents.h; sourceTree = "<group>"; };
		0AC210582B0FB94E0023665B /* BaseViewController.swift */ = {isa = PBXFileReference; fileEncoding = 4; lastKnownFileType = sourcecode.swift; path = BaseViewController.swift; sourceTree = "<group>"; };
		0AC2105A2B0FB94E0023665B /* InfoView.swift */ = {isa = PBXFileReference; fileEncoding = 4; lastKnownFileType = sourcecode.swift; path = InfoView.swift; sourceTree = "<group>"; };
		0AC2105B2B0FB94E0023665B /* BaseView.swift */ = {isa = PBXFileReference; fileEncoding = 4; lastKnownFileType = sourcecode.swift; path = BaseView.swift; sourceTree = "<group>"; };
		0AC210612B0FB9570023665B /* R.generated.swift */ = {isa = PBXFileReference; fileEncoding = 4; lastKnownFileType = sourcecode.swift; path = R.generated.swift; sourceTree = "<group>"; };
		0AC210622B0FB9570023665B /* Assets.xcassets */ = {isa = PBXFileReference; lastKnownFileType = folder.assetcatalog; path = Assets.xcassets; sourceTree = "<group>"; };
		0AC210692B0FBA0B0023665B /* Rubik-Bold.ttf */ = {isa = PBXFileReference; lastKnownFileType = file; path = "Rubik-Bold.ttf"; sourceTree = "<group>"; };
		0AC2106A2B0FBA0B0023665B /* Rubik-Light.ttf */ = {isa = PBXFileReference; lastKnownFileType = file; path = "Rubik-Light.ttf"; sourceTree = "<group>"; };
		0AC2106B2B0FBA0B0023665B /* Rubik-Medium.ttf */ = {isa = PBXFileReference; lastKnownFileType = file; path = "Rubik-Medium.ttf"; sourceTree = "<group>"; };
		0AC2106C2B0FBA0B0023665B /* Rubik-Black.ttf */ = {isa = PBXFileReference; lastKnownFileType = file; path = "Rubik-Black.ttf"; sourceTree = "<group>"; };
		0AC2106D2B0FBA0B0023665B /* Rubik-Italic.ttf */ = {isa = PBXFileReference; lastKnownFileType = file; path = "Rubik-Italic.ttf"; sourceTree = "<group>"; };
		0AC2106E2B0FBA0B0023665B /* Rubik-Regular.ttf */ = {isa = PBXFileReference; lastKnownFileType = file; path = "Rubik-Regular.ttf"; sourceTree = "<group>"; };
/* End PBXFileReference section */

/* Begin PBXFrameworksBuildPhase section */
		0A80B5F52B0E36BA00263BF9 /* Frameworks */ = {
			isa = PBXFrameworksBuildPhase;
			buildActionMask = 2147483647;
			files = (
			);
			runOnlyForDeploymentPostprocessing = 0;
		};
/* End PBXFrameworksBuildPhase section */

/* Begin PBXGroup section */
		0A80B5EE2B0E36BA00263BF9 = {
			isa = PBXGroup;
			children = (
				0AC2105F2B0FB9570023665B /* Resources */,
				0AC210562B0FB94E0023665B /* Components */,
				0A80B5FA2B0E36BA00263BF9 /* UIComponents */,
				0A80B5F92B0E36BA00263BF9 /* Products */,
			);
			sourceTree = "<group>";
		};
		0A80B5F92B0E36BA00263BF9 /* Products */ = {
			isa = PBXGroup;
			children = (
				0A80B5F82B0E36BA00263BF9 /* UIComponents.framework */,
			);
			name = Products;
			sourceTree = "<group>";
		};
		0A80B5FA2B0E36BA00263BF9 /* UIComponents */ = {
			isa = PBXGroup;
			children = (
				0A80B5FB2B0E36BA00263BF9 /* UIComponents.h */,
			);
			path = UIComponents;
			sourceTree = "<group>";
		};
		0AC210562B0FB94E0023665B /* Components */ = {
			isa = PBXGroup;
			children = (
				0AC210572B0FB94E0023665B /* Controllers */,
				0AC210592B0FB94E0023665B /* Views */,
			);
			path = Components;
			sourceTree = "<group>";
		};
		0AC210572B0FB94E0023665B /* Controllers */ = {
			isa = PBXGroup;
			children = (
				0AC210582B0FB94E0023665B /* BaseViewController.swift */,
			);
			path = Controllers;
			sourceTree = "<group>";
		};
		0AC210592B0FB94E0023665B /* Views */ = {
			isa = PBXGroup;
			children = (
				0AC2105A2B0FB94E0023665B /* InfoView.swift */,
				0AC2105B2B0FB94E0023665B /* BaseView.swift */,
			);
			path = Views;
			sourceTree = "<group>";
		};
		0AC2105F2B0FB9570023665B /* Resources */ = {
			isa = PBXGroup;
			children = (
				0AC210682B0FBA0B0023665B /* RubikFont */,
				0AC210602B0FB9570023665B /* Generated */,
				0AC210622B0FB9570023665B /* Assets.xcassets */,
			);
			path = Resources;
			sourceTree = "<group>";
		};
		0AC210602B0FB9570023665B /* Generated */ = {
			isa = PBXGroup;
			children = (
				0AC210612B0FB9570023665B /* R.generated.swift */,
			);
			path = Generated;
			sourceTree = "<group>";
		};
		0AC210682B0FBA0B0023665B /* RubikFont */ = {
			isa = PBXGroup;
			children = (
				0AC210692B0FBA0B0023665B /* Rubik-Bold.ttf */,
				0AC2106A2B0FBA0B0023665B /* Rubik-Light.ttf */,
				0AC2106B2B0FBA0B0023665B /* Rubik-Medium.ttf */,
				0AC2106C2B0FBA0B0023665B /* Rubik-Black.ttf */,
				0AC2106D2B0FBA0B0023665B /* Rubik-Italic.ttf */,
				0AC2106E2B0FBA0B0023665B /* Rubik-Regular.ttf */,
			);
			path = RubikFont;
			sourceTree = "<group>";
		};
/* End PBXGroup section */

/* Begin PBXHeadersBuildPhase section */
		0A80B5F32B0E36BA00263BF9 /* Headers */ = {
			isa = PBXHeadersBuildPhase;
			buildActionMask = 2147483647;
			files = (
				0A80B5FC2B0E36BA00263BF9 /* UIComponents.h in Headers */,
			);
			runOnlyForDeploymentPostprocessing = 0;
		};
/* End PBXHeadersBuildPhase section */

/* Begin PBXNativeTarget section */
		0A80B5F72B0E36BA00263BF9 /* UIComponents */ = {
			isa = PBXNativeTarget;
			buildConfigurationList = 0A80B5FF2B0E36BA00263BF9 /* Build configuration list for PBXNativeTarget "UIComponents" */;
			buildPhases = (
				0A80B5F32B0E36BA00263BF9 /* Headers */,
				0A80B5F42B0E36BA00263BF9 /* Sources */,
				0A80B5F52B0E36BA00263BF9 /* Frameworks */,
				0A80B5F62B0E36BA00263BF9 /* Resources */,
			);
			buildRules = (
			);
			dependencies = (
			);
			name = UIComponents;
			productName = UIComponents;
			productReference = 0A80B5F82B0E36BA00263BF9 /* UIComponents.framework */;
			productType = "com.apple.product-type.framework";
		};
/* End PBXNativeTarget section */

/* Begin PBXProject section */
		0A80B5EF2B0E36BA00263BF9 /* Project object */ = {
			isa = PBXProject;
			attributes = {
				BuildIndependentTargetsInParallel = 1;
				LastUpgradeCheck = 1500;
				TargetAttributes = {
					0A80B5F72B0E36BA00263BF9 = {
						CreatedOnToolsVersion = 15.0.1;
					};
				};
			};
			buildConfigurationList = 0A80B5F22B0E36BA00263BF9 /* Build configuration list for PBXProject "UIComponents" */;
			compatibilityVersion = "Xcode 14.0";
			developmentRegion = en;
			hasScannedForEncodings = 0;
			knownRegions = (
				en,
				Base,
			);
			mainGroup = 0A80B5EE2B0E36BA00263BF9;
			productRefGroup = 0A80B5F92B0E36BA00263BF9 /* Products */;
			projectDirPath = "";
			projectRoot = "";
			targets = (
				0A80B5F72B0E36BA00263BF9 /* UIComponents */,
			);
		};
/* End PBXProject section */

/* Begin PBXResourcesBuildPhase section */
		0A80B5F62B0E36BA00263BF9 /* Resources */ = {
			isa = PBXResourcesBuildPhase;
			buildActionMask = 2147483647;
			files = (
				0AC2106F2B0FBA1F0023665B /* Rubik-Bold.ttf in Resources */,
				0AC210702B0FBA1F0023665B /* Rubik-Light.ttf in Resources */,
				0AC210712B0FBA1F0023665B /* Rubik-Medium.ttf in Resources */,
				0AC210722B0FBA1F0023665B /* Rubik-Black.ttf in Resources */,
				0AC210732B0FBA1F0023665B /* Rubik-Italic.ttf in Resources */,
				0AC210742B0FBA1F0023665B /* Rubik-Regular.ttf in Resources */,
				0AC210642B0FB9570023665B /* Assets.xcassets in Resources */,
			);
			runOnlyForDeploymentPostprocessing = 0;
		};
/* End PBXResourcesBuildPhase section */

/* Begin PBXSourcesBuildPhase section */
		0A80B5F42B0E36BA00263BF9 /* Sources */ = {
			isa = PBXSourcesBuildPhase;
			buildActionMask = 2147483647;
			files = (
				0AC2105E2B0FB94E0023665B /* BaseView.swift in Sources */,
				0AC2105D2B0FB94E0023665B /* InfoView.swift in Sources */,
				0AC2105C2B0FB94E0023665B /* BaseViewController.swift in Sources */,
				0AC210632B0FB9570023665B /* R.generated.swift in Sources */,
			);
			runOnlyForDeploymentPostprocessing = 0;
		};
/* End PBXSourcesBuildPhase section */

/* Begin XCBuildConfiguration section */
		0A80B5FD2B0E36BA00263BF9 /* Debug */ = {
			isa = XCBuildConfiguration;
			buildSettings = {
				ALWAYS_SEARCH_USER_PATHS = NO;
				ASSETCATALOG_COMPILER_GENERATE_SWIFT_ASSET_SYMBOL_EXTENSIONS = YES;
				CLANG_ANALYZER_NONNULL = YES;
				CLANG_ANALYZER_NUMBER_OBJECT_CONVERSION = YES_AGGRESSIVE;
				CLANG_CXX_LANGUAGE_STANDARD = "gnu++20";
				CLANG_ENABLE_MODULES = YES;
				CLANG_ENABLE_OBJC_ARC = YES;
				CLANG_ENABLE_OBJC_WEAK = YES;
				CLANG_WARN_BLOCK_CAPTURE_AUTORELEASING = YES;
				CLANG_WARN_BOOL_CONVERSION = YES;
				CLANG_WARN_COMMA = YES;
				CLANG_WARN_CONSTANT_CONVERSION = YES;
				CLANG_WARN_DEPRECATED_OBJC_IMPLEMENTATIONS = YES;
				CLANG_WARN_DIRECT_OBJC_ISA_USAGE = YES_ERROR;
				CLANG_WARN_DOCUMENTATION_COMMENTS = YES;
				CLANG_WARN_EMPTY_BODY = YES;
				CLANG_WARN_ENUM_CONVERSION = YES;
				CLANG_WARN_INFINITE_RECURSION = YES;
				CLANG_WARN_INT_CONVERSION = YES;
				CLANG_WARN_NON_LITERAL_NULL_CONVERSION = YES;
				CLANG_WARN_OBJC_IMPLICIT_RETAIN_SELF = YES;
				CLANG_WARN_OBJC_LITERAL_CONVERSION = YES;
				CLANG_WARN_OBJC_ROOT_CLASS = YES_ERROR;
				CLANG_WARN_QUOTED_INCLUDE_IN_FRAMEWORK_HEADER = YES;
				CLANG_WARN_RANGE_LOOP_ANALYSIS = YES;
				CLANG_WARN_STRICT_PROTOTYPES = YES;
				CLANG_WARN_SUSPICIOUS_MOVE = YES;
				CLANG_WARN_UNGUARDED_AVAILABILITY = YES_AGGRESSIVE;
				CLANG_WARN_UNREACHABLE_CODE = YES;
				CLANG_WARN__DUPLICATE_METHOD_MATCH = YES;
				COPY_PHASE_STRIP = NO;
				CURRENT_PROJECT_VERSION = 1;
				DEBUG_INFORMATION_FORMAT = dwarf;
				ENABLE_STRICT_OBJC_MSGSEND = YES;
				ENABLE_TESTABILITY = YES;
				ENABLE_USER_SCRIPT_SANDBOXING = YES;
				GCC_C_LANGUAGE_STANDARD = gnu17;
				GCC_DYNAMIC_NO_PIC = NO;
				GCC_NO_COMMON_BLOCKS = YES;
				GCC_OPTIMIZATION_LEVEL = 0;
				GCC_PREPROCESSOR_DEFINITIONS = (
					"DEBUG=1",
					"$(inherited)",
				);
				GCC_WARN_64_TO_32_BIT_CONVERSION = YES;
				GCC_WARN_ABOUT_RETURN_TYPE = YES_ERROR;
				GCC_WARN_UNDECLARED_SELECTOR = YES;
				GCC_WARN_UNINITIALIZED_AUTOS = YES_AGGRESSIVE;
				GCC_WARN_UNUSED_FUNCTION = YES;
				GCC_WARN_UNUSED_VARIABLE = YES;
				IPHONEOS_DEPLOYMENT_TARGET = 17.0;
				LOCALIZATION_PREFERS_STRING_CATALOGS = YES;
				MTL_ENABLE_DEBUG_INFO = INCLUDE_SOURCE;
				MTL_FAST_MATH = YES;
				ONLY_ACTIVE_ARCH = YES;
				SDKROOT = iphoneos;
				SWIFT_ACTIVE_COMPILATION_CONDITIONS = "DEBUG $(inherited)";
				SWIFT_OPTIMIZATION_LEVEL = "-Onone";
				VERSIONING_SYSTEM = "apple-generic";
				VERSION_INFO_PREFIX = "";
			};
			name = Debug;
		};
		0A80B5FE2B0E36BA00263BF9 /* Release */ = {
			isa = XCBuildConfiguration;
			buildSettings = {
				ALWAYS_SEARCH_USER_PATHS = NO;
				ASSETCATALOG_COMPILER_GENERATE_SWIFT_ASSET_SYMBOL_EXTENSIONS = YES;
				CLANG_ANALYZER_NONNULL = YES;
				CLANG_ANALYZER_NUMBER_OBJECT_CONVERSION = YES_AGGRESSIVE;
				CLANG_CXX_LANGUAGE_STANDARD = "gnu++20";
				CLANG_ENABLE_MODULES = YES;
				CLANG_ENABLE_OBJC_ARC = YES;
				CLANG_ENABLE_OBJC_WEAK = YES;
				CLANG_WARN_BLOCK_CAPTURE_AUTORELEASING = YES;
				CLANG_WARN_BOOL_CONVERSION = YES;
				CLANG_WARN_COMMA = YES;
				CLANG_WARN_CONSTANT_CONVERSION = YES;
				CLANG_WARN_DEPRECATED_OBJC_IMPLEMENTATIONS = YES;
				CLANG_WARN_DIRECT_OBJC_ISA_USAGE = YES_ERROR;
				CLANG_WARN_DOCUMENTATION_COMMENTS = YES;
				CLANG_WARN_EMPTY_BODY = YES;
				CLANG_WARN_ENUM_CONVERSION = YES;
				CLANG_WARN_INFINITE_RECURSION = YES;
				CLANG_WARN_INT_CONVERSION = YES;
				CLANG_WARN_NON_LITERAL_NULL_CONVERSION = YES;
				CLANG_WARN_OBJC_IMPLICIT_RETAIN_SELF = YES;
				CLANG_WARN_OBJC_LITERAL_CONVERSION = YES;
				CLANG_WARN_OBJC_ROOT_CLASS = YES_ERROR;
				CLANG_WARN_QUOTED_INCLUDE_IN_FRAMEWORK_HEADER = YES;
				CLANG_WARN_RANGE_LOOP_ANALYSIS = YES;
				CLANG_WARN_STRICT_PROTOTYPES = YES;
				CLANG_WARN_SUSPICIOUS_MOVE = YES;
				CLANG_WARN_UNGUARDED_AVAILABILITY = YES_AGGRESSIVE;
				CLANG_WARN_UNREACHABLE_CODE = YES;
				CLANG_WARN__DUPLICATE_METHOD_MATCH = YES;
				COPY_PHASE_STRIP = NO;
				CURRENT_PROJECT_VERSION = 1;
				DEBUG_INFORMATION_FORMAT = "dwarf-with-dsym";
				ENABLE_NS_ASSERTIONS = NO;
				ENABLE_STRICT_OBJC_MSGSEND = YES;
				ENABLE_USER_SCRIPT_SANDBOXING = YES;
				GCC_C_LANGUAGE_STANDARD = gnu17;
				GCC_NO_COMMON_BLOCKS = YES;
				GCC_WARN_64_TO_32_BIT_CONVERSION = YES;
				GCC_WARN_ABOUT_RETURN_TYPE = YES_ERROR;
				GCC_WARN_UNDECLARED_SELECTOR = YES;
				GCC_WARN_UNINITIALIZED_AUTOS = YES_AGGRESSIVE;
				GCC_WARN_UNUSED_FUNCTION = YES;
				GCC_WARN_UNUSED_VARIABLE = YES;
				IPHONEOS_DEPLOYMENT_TARGET = 17.0;
				LOCALIZATION_PREFERS_STRING_CATALOGS = YES;
				MTL_ENABLE_DEBUG_INFO = NO;
				MTL_FAST_MATH = YES;
				SDKROOT = iphoneos;
				SWIFT_COMPILATION_MODE = wholemodule;
				VALIDATE_PRODUCT = YES;
				VERSIONING_SYSTEM = "apple-generic";
				VERSION_INFO_PREFIX = "";
			};
			name = Release;
		};
		0A80B6002B0E36BA00263BF9 /* Debug */ = {
			isa = XCBuildConfiguration;
			buildSettings = {
				CODE_SIGN_STYLE = Automatic;
				CURRENT_PROJECT_VERSION = 1;
				DEFINES_MODULE = YES;
				DEVELOPMENT_TEAM = 653PNCT9WW;
				DYLIB_COMPATIBILITY_VERSION = 1;
				DYLIB_CURRENT_VERSION = 1;
				DYLIB_INSTALL_NAME_BASE = "@rpath";
				ENABLE_MODULE_VERIFIER = YES;
				GENERATE_INFOPLIST_FILE = YES;
				INFOPLIST_KEY_NSHumanReadableCopyright = "";
				INSTALL_PATH = "$(LOCAL_LIBRARY_DIR)/Frameworks";
				IPHONEOS_DEPLOYMENT_TARGET = 15.0;
				LD_RUNPATH_SEARCH_PATHS = (
					"$(inherited)",
					"@executable_path/Frameworks",
					"@loader_path/Frameworks",
				);
				MARKETING_VERSION = 1.0;
				MODULE_VERIFIER_SUPPORTED_LANGUAGES = "objective-c objective-c++";
				MODULE_VERIFIER_SUPPORTED_LANGUAGE_STANDARDS = "gnu17 gnu++20";
				PRODUCT_BUNDLE_IDENTIFIER = zipozt.UIComponents;
				PRODUCT_NAME = "$(TARGET_NAME:c99extidentifier)";
				SKIP_INSTALL = YES;
				SWIFT_EMIT_LOC_STRINGS = YES;
				SWIFT_VERSION = 5.0;
				TARGETED_DEVICE_FAMILY = "1,2";
			};
			name = Debug;
		};
		0A80B6012B0E36BA00263BF9 /* Release */ = {
			isa = XCBuildConfiguration;
			buildSettings = {
				CODE_SIGN_STYLE = Automatic;
				CURRENT_PROJECT_VERSION = 1;
				DEFINES_MODULE = YES;
				DEVELOPMENT_TEAM = 653PNCT9WW;
				DYLIB_COMPATIBILITY_VERSION = 1;
				DYLIB_CURRENT_VERSION = 1;
				DYLIB_INSTALL_NAME_BASE = "@rpath";
				ENABLE_MODULE_VERIFIER = YES;
				GENERATE_INFOPLIST_FILE = YES;
				INFOPLIST_KEY_NSHumanReadableCopyright = "";
				INSTALL_PATH = "$(LOCAL_LIBRARY_DIR)/Frameworks";
				IPHONEOS_DEPLOYMENT_TARGET = 15.0;
				LD_RUNPATH_SEARCH_PATHS = (
					"$(inherited)",
					"@executable_path/Frameworks",
					"@loader_path/Frameworks",
				);
				MARKETING_VERSION = 1.0;
				MODULE_VERIFIER_SUPPORTED_LANGUAGES = "objective-c objective-c++";
				MODULE_VERIFIER_SUPPORTED_LANGUAGE_STANDARDS = "gnu17 gnu++20";
				PRODUCT_BUNDLE_IDENTIFIER = zipozt.UIComponents;
				PRODUCT_NAME = "$(TARGET_NAME:c99extidentifier)";
				SKIP_INSTALL = YES;
				SWIFT_EMIT_LOC_STRINGS = YES;
				SWIFT_VERSION = 5.0;
				TARGETED_DEVICE_FAMILY = "1,2";
			};
			name = Release;
		};
/* End XCBuildConfiguration section */

/* Begin XCConfigurationList section */
		0A80B5F22B0E36BA00263BF9 /* Build configuration list for PBXProject "UIComponents" */ = {
			isa = XCConfigurationList;
			buildConfigurations = (
				0A80B5FD2B0E36BA00263BF9 /* Debug */,
				0A80B5FE2B0E36BA00263BF9 /* Release */,
			);
			defaultConfigurationIsVisible = 0;
			defaultConfigurationName = Release;
		};
		0A80B5FF2B0E36BA00263BF9 /* Build configuration list for PBXNativeTarget "UIComponents" */ = {
			isa = XCConfigurationList;
			buildConfigurations = (
				0A80B6002B0E36BA00263BF9 /* Debug */,
				0A80B6012B0E36BA00263BF9 /* Release */,
			);
			defaultConfigurationIsVisible = 0;
			defaultConfigurationName = Release;
		};
/* End XCConfigurationList section */
	};
	rootObject = 0A80B5EF2B0E36BA00263BF9 /* Project object */;
}
